<?xml version="1.0" encoding="utf-8"?>
<Project ToolsVersion="4.0" xmlns:atg="http://atg.xbox.com" xmlns="http://schemas.microsoft.com/developer/msbuild/2003">
  <ItemGroup>
    <Filter Include="Util">
      <UniqueIdentifier>{d746ac69-74ea-4a35-8d7f-2d41ca430b66}</UniqueIdentifier>
    </Filter>
    <Filter Include="Util\DXUT">
      <UniqueIdentifier>{a43c5c25-0e86-4a20-b64a-883785ff74fd}</UniqueIdentifier>
    </Filter>
    <Filter Include="Util\Resource Files">
      <UniqueIdentifier>{8e114980-c1a3-4ada-ad7c-83caadf5daeb}</UniqueIdentifier>
      <Extensions>rc;ico;cur;bmp;dlg;rc2;rct;bin;rgs;gif;jpg;jpeg;jpe</Extensions>
    </Filter>
    <Filter Include="Util\Stdafx">
      <UniqueIdentifier>{8a864141-32bc-4c99-b657-21edd5ead125}</UniqueIdentifier>
    </Filter>
    <Filter Include="Main">
      <UniqueIdentifier>{0617c787-2b2a-455c-9952-1f5da751d2f9}</UniqueIdentifier>
    </Filter>
    <Filter Include="Core">
      <UniqueIdentifier>{deb0e6c3-6fb7-430f-aebb-9519b2c4b224}</UniqueIdentifier>
    </Filter>
    <Filter Include="Core\Manager">
      <UniqueIdentifier>{70de18fc-1646-4bbc-994d-b51900a69f9a}</UniqueIdentifier>
    </Filter>
    <Filter Include="Core\Manager\Scene">
      <UniqueIdentifier>{4e4e5f95-a29e-42e2-a2b5-33f579587748}</UniqueIdentifier>
    </Filter>
    <Filter Include="Core\Manager\Singleton">
      <UniqueIdentifier>{b66d40d8-723a-4847-83ca-11d4f1050e56}</UniqueIdentifier>
    </Filter>
    <Filter Include="Core\Manager\Image">
      <UniqueIdentifier>{d63a637c-769e-40d5-88d3-0145f641aeb8}</UniqueIdentifier>
    </Filter>
    <Filter Include="Core\Manager\Image\Texture">
      <UniqueIdentifier>{19d67ee5-6ba7-439f-bb07-b538d857b87a}</UniqueIdentifier>
    </Filter>
    <Filter Include="Main\main">
      <UniqueIdentifier>{a321ca21-c1a7-41f5-a104-3c5338accb10}</UniqueIdentifier>
    </Filter>
    <Filter Include="Core\Manager\Input">
      <UniqueIdentifier>{7996c7e7-836d-4a02-b99d-1bb4d1c2cbbd}</UniqueIdentifier>
    </Filter>
    <Filter Include="Core\Manager\Input\cInput">
      <UniqueIdentifier>{4e26ab8e-86a4-4fe2-a2b3-75edef1eb43e}</UniqueIdentifier>
    </Filter>
    <Filter Include="Core\Object">
      <UniqueIdentifier>{dd7d1e23-5a34-4359-b986-2065bce73afb}</UniqueIdentifier>
    </Filter>
    <Filter Include="Core\Object\Scenes">
      <UniqueIdentifier>{8fb85181-ea5d-4496-b878-a5ac049e40cb}</UniqueIdentifier>
    </Filter>
    <Filter Include="Core\Manager\Object">
      <UniqueIdentifier>{daa54ede-96cc-48d5-9dc3-aea878d9a878}</UniqueIdentifier>
    </Filter>
    <Filter Include="Core\Object\Bullet">
      <UniqueIdentifier>{b7cb0d90-7f50-4f38-a1e4-160336b2b4d9}</UniqueIdentifier>
    </Filter>
    <Filter Include="Core\Object\Button">
      <UniqueIdentifier>{d5b4fef3-8088-4d82-8d84-1781e74baab7}</UniqueIdentifier>
    </Filter>
    <Filter Include="Core\Object\Player">
      <UniqueIdentifier>{cc9f2bd9-9501-4670-89c9-a5322eb35cc1}</UniqueIdentifier>
    </Filter>
    <Filter Include="Core\Object\Scenes\LoadScene">
      <UniqueIdentifier>{122ef9f2-a9b9-4bfe-8c52-afeb8ed9ee11}</UniqueIdentifier>
    </Filter>
    <Filter Include="Core\Object\Scenes\TitleScene">
      <UniqueIdentifier>{e3d56da4-77b8-42a9-9078-e079b7c135d8}</UniqueIdentifier>
    </Filter>
    <Filter Include="Core\Manager\Sound">
      <UniqueIdentifier>{400448ef-829e-4b05-8d41-b38bdc103671}</UniqueIdentifier>
    </Filter>
    <Filter Include="Core\Object\Scenes\OptionScene">
      <UniqueIdentifier>{9c36427c-030b-4378-bced-1ff5a497bc34}</UniqueIdentifier>
    </Filter>
    <Filter Include="Core\Object\Scenes\StartScene">
      <UniqueIdentifier>{5f0f004e-4416-41ee-a368-91bf1185e909}</UniqueIdentifier>
    </Filter>
    <Filter Include="Core\Object\Scenes\ScoreScene">
      <UniqueIdentifier>{15784650-a0cc-482b-9f7b-d87c57b08c9e}</UniqueIdentifier>
    </Filter>
    <Filter Include="Core\Object\Scenes\MusicScene">
      <UniqueIdentifier>{52de7d90-4fa1-4c66-8298-911bea1a5a39}</UniqueIdentifier>
    </Filter>
    <Filter Include="Core\Manager\FILE">
      <UniqueIdentifier>{c7872808-c73b-4478-90a0-ee48960dc918}</UniqueIdentifier>
    </Filter>
    <Filter Include="Core\Manager\Camera">
      <UniqueIdentifier>{e92ecc13-a831-4406-beb8-6e098de12260}</UniqueIdentifier>
    </Filter>
    <Filter Include="Core\Object\Scenes\HowtoScene">
      <UniqueIdentifier>{a454b7f8-3c34-4540-b158-3cb95914b925}</UniqueIdentifier>
    </Filter>
    <Filter Include="Core\Object\Scenes\_Scene">
      <UniqueIdentifier>{a1753fb1-1b3a-4797-9ecb-a2536cd4e983}</UniqueIdentifier>
    </Filter>
    <Filter Include="Core\Object\Scenes\StageScene">
      <UniqueIdentifier>{3306d7a3-ef8b-4755-bd5c-9108464f6333}</UniqueIdentifier>
    </Filter>
    <Filter Include="Core\Object\Scenes\StageScene\stage1Scene">
      <UniqueIdentifier>{55873531-6f1f-4c5f-9eaf-92ffe7075197}</UniqueIdentifier>
    </Filter>
    <Filter Include="Core\Object\Bullet\BulletAdmin">
      <UniqueIdentifier>{17815393-f76f-47e5-a0b9-b59b80fbd597}</UniqueIdentifier>
    </Filter>
    <Filter Include="Core\Object\Bullet\PlayerBullet">
      <UniqueIdentifier>{35f3ebba-577c-4365-a3eb-22150f433573}</UniqueIdentifier>
    </Filter>
    <Filter Include="Core\Object\Animation">
      <UniqueIdentifier>{ba269487-bbaa-46f6-b7ed-1cecd49c3ccf}</UniqueIdentifier>
    </Filter>
    <Filter Include="Core\Object\Animation\Timer">
      <UniqueIdentifier>{0c9977f1-7546-4601-b344-6b8e7c2d7f80}</UniqueIdentifier>
    </Filter>
    <Filter Include="Core\Object\Ball">
      <UniqueIdentifier>{3f15fcc0-f550-4721-8e2d-9379ee28fa2f}</UniqueIdentifier>
    </Filter>
    <Filter Include="Core\Manager\Image\Texture\MultiTexture">
      <UniqueIdentifier>{454994fd-15cc-463f-9121-70ccde1765dd}</UniqueIdentifier>
    </Filter>
    <Filter Include="Core\Object\Ball\Balls">
      <UniqueIdentifier>{30a69422-db69-4017-9060-6d56076c030e}</UniqueIdentifier>
    </Filter>
    <Filter Include="Core\Object\Bullet\BallBullet">
      <UniqueIdentifier>{ba6d355e-cc8c-46b8-88fc-865ffc77bd7e}</UniqueIdentifier>
    </Filter>
    <Filter Include="Core\Manager\Image\Image">
      <UniqueIdentifier>{89107adb-00ce-4508-866a-85f605efab3d}</UniqueIdentifier>
    </Filter>
    <Filter Include="Core\Object\Effect">
      <UniqueIdentifier>{7ed8fa96-472e-4755-aa1a-2e99de08f189}</UniqueIdentifier>
    </Filter>
    <Filter Include="Core\Manager\Effect">
      <UniqueIdentifier>{b2de0a40-6047-41be-93bc-342ded9eedee}</UniqueIdentifier>
    </Filter>
    <Filter Include="Core\Object\Enemy">
      <UniqueIdentifier>{c11cb208-1a5f-4152-9353-a98531201dee}</UniqueIdentifier>
    </Filter>
    <Filter Include="Core\Object\Enemy\EnemyAdmin">
      <UniqueIdentifier>{d3a0de65-299c-430f-8ae2-8efaf8ce820d}</UniqueIdentifier>
    </Filter>
    <Filter Include="Core\Object\Enemy\One">
      <UniqueIdentifier>{b302d3e6-ddec-4832-ba44-5968c83f4068}</UniqueIdentifier>
    </Filter>
    <Filter Include="Core\Object\Collision">
      <UniqueIdentifier>{40d478db-65fa-46f5-9e28-6aa4094a7963}</UniqueIdentifier>
    </Filter>
    <Filter Include="Core\Object\Bullet\EnemyBullet">
      <UniqueIdentifier>{7f39ee91-3722-40a7-b6d6-c8ea4e19eda0}</UniqueIdentifier>
    </Filter>
    <Filter Include="Core\Object\Enemy\Fairy">
      <UniqueIdentifier>{fec6db11-30c8-48a5-ba55-1ec6ae083a7d}</UniqueIdentifier>
    </Filter>
    <Filter Include="Core\Object\Path">
      <UniqueIdentifier>{9764161d-b340-4aa8-8427-3e7f73805916}</UniqueIdentifier>
    </Filter>
    <Filter Include="Core\Object\Enemy\Book">
      <UniqueIdentifier>{7c19b03c-6452-4173-8d3e-f203e375af7f}</UniqueIdentifier>
    </Filter>
    <Filter Include="Core\Object\Item">
      <UniqueIdentifier>{1b4f7c2d-363e-4bc7-a830-35c2bb2046a6}</UniqueIdentifier>
    </Filter>
    <Filter Include="Core\Object\Item\ItemAdmin">
      <UniqueIdentifier>{98d9fcd6-cf52-4467-a03c-1b62b631006e}</UniqueIdentifier>
    </Filter>
    <Filter Include="Core\Manager\Font">
      <UniqueIdentifier>{d53704f9-ad19-403c-b99f-68dfee7525b6}</UniqueIdentifier>
    </Filter>
    <Filter Include="Core\Object\Bullet\SpellBullet">
      <UniqueIdentifier>{7c6fb7a2-3efa-4eb3-99d5-b270a1e54c10}</UniqueIdentifier>
    </Filter>
    <Filter Include="Core\Object\Bullet\SpellBullet\ReimouA">
      <UniqueIdentifier>{07b5c159-6df0-4edc-b25a-b6bb280baee4}</UniqueIdentifier>
    </Filter>
    <Filter Include="Core\Object\Bullet\SpellBullet\MarisaA">
      <UniqueIdentifier>{c2263139-933c-446a-bcff-5d3c01aeaa40}</UniqueIdentifier>
    </Filter>
  </ItemGroup>
  <ItemGroup>
    <None Include="DXUT\Optional\directx.ico">
      <Filter>Util\Resource Files</Filter>
    </None>
    <ClInclude Include="DXUT\Core\DXUT.h">
      <Filter>Util\DXUT</Filter>
    </ClInclude>
    <ClInclude Include="DXUT\Core\DXUTenum.h">
      <Filter>Util\DXUT</Filter>
    </ClInclude>
    <ClInclude Include="DXUT\Core\DXUTmisc.h">
      <Filter>Util\DXUT</Filter>
    </ClInclude>
    <ClCompile Include="DXUT\Core\DXUT.cpp">
      <Filter>Util\DXUT</Filter>
    </ClCompile>
    <ClCompile Include="DXUT\Core\DXUTenum.cpp">
      <Filter>Util\DXUT</Filter>
    </ClCompile>
    <ClCompile Include="DXUT\Core\DXUTmisc.cpp">
      <Filter>Util\DXUT</Filter>
    </ClCompile>
    <ClInclude Include="DXUT\Optional\DXUTcamera.h">
      <Filter>Util\DXUT</Filter>
    </ClInclude>
    <ClInclude Include="DXUT\Optional\DXUTgui.h">
      <Filter>Util\DXUT</Filter>
    </ClInclude>
    <ClInclude Include="DXUT\Optional\DXUTres.h">
      <Filter>Util\DXUT</Filter>
    </ClInclude>
    <ClInclude Include="DXUT\Optional\DXUTsettingsdlg.h">
      <Filter>Util\DXUT</Filter>
    </ClInclude>
    <ClInclude Include="DXUT\Optional\SDKmesh.h">
      <Filter>Util\DXUT</Filter>
    </ClInclude>
    <ClInclude Include="DXUT\Optional\SDKmisc.h">
      <Filter>Util\DXUT</Filter>
    </ClInclude>
    <ClCompile Include="DXUT\Optional\DXUTcamera.cpp">
      <Filter>Util\DXUT</Filter>
    </ClCompile>
    <ClCompile Include="DXUT\Optional\DXUTgui.cpp">
      <Filter>Util\DXUT</Filter>
    </ClCompile>
    <ClCompile Include="DXUT\Optional\DXUTres.cpp">
      <Filter>Util\DXUT</Filter>
    </ClCompile>
    <ClCompile Include="DXUT\Optional\DXUTsettingsdlg.cpp">
      <Filter>Util\DXUT</Filter>
    </ClCompile>
    <ClCompile Include="DXUT\Optional\SDKmesh.cpp">
      <Filter>Util\DXUT</Filter>
    </ClCompile>
    <ClCompile Include="DXUT\Optional\SDKmisc.cpp">
      <Filter>Util\DXUT</Filter>
    </ClCompile>
  </ItemGroup>
  <ItemGroup>
    <CLInclude Include="resource.h">
      <Filter>Util\Resource Files</Filter>
    </CLInclude>
    <ResourceCompile Include="SHOW.rc">
      <Filter>Util\Resource Files</Filter>
    </ResourceCompile>
    <ClInclude Include="stdafx.h">
      <Filter>Util\Stdafx</Filter>
    </ClInclude>
    <ClInclude Include="cSceneManager.h">
      <Filter>Core\Manager\Scene</Filter>
    </ClInclude>
    <ClInclude Include="cTexture.h">
      <Filter>Core\Manager\Image\Texture</Filter>
    </ClInclude>
    <ClInclude Include="cImageManager.h">
      <Filter>Core\Manager\Image</Filter>
    </ClInclude>
    <ClInclude Include="cScene.h">
      <Filter>Core\Object\Scenes\_Scene</Filter>
    </ClInclude>
    <ClInclude Include="cLoadScene.h">
      <Filter>Core\Object\Scenes\LoadScene</Filter>
    </ClInclude>
    <ClInclude Include="cSingleton.hpp">
      <Filter>Core\Manager\Singleton</Filter>
    </ClInclude>
    <ClInclude Include="cMain.h">
      <Filter>Main\main</Filter>
    </ClInclude>
    <ClInclude Include="cPlayer.h">
      <Filter>Core\Object\Player</Filter>
    </ClInclude>
    <ClInclude Include="cInputManager.h">
      <Filter>Core\Manager\Input</Filter>
    </ClInclude>
    <ClInclude Include="cInput.h">
      <Filter>Core\Manager\Input\cInput</Filter>
    </ClInclude>
    <ClInclude Include="cObjectManager.h">
      <Filter>Core\Manager\Object</Filter>
    </ClInclude>
    <ClInclude Include="cObject.h">
      <Filter>Core\Object</Filter>
    </ClInclude>
    <ClInclude Include="cTitleScene.h">
      <Filter>Core\Object\Scenes\TitleScene</Filter>
    </ClInclude>
    <ClInclude Include="cSoundManager.h">
      <Filter>Core\Manager\Sound</Filter>
    </ClInclude>
    <ClInclude Include="DXUT\Core\SDKmisc.h">
      <Filter>Util\DXUT</Filter>
    </ClInclude>
    <ClInclude Include="DXUT\Core\SDKsound.h">
      <Filter>Util\DXUT</Filter>
    </ClInclude>
    <ClInclude Include="DXUT\Core\SDKwavefile.h">
      <Filter>Util\DXUT</Filter>
    </ClInclude>
    <ClInclude Include="cButton.h">
      <Filter>Core\Object\Button</Filter>
    </ClInclude>
    <ClInclude Include="cOptionScene.h">
      <Filter>Core\Object\Scenes\OptionScene</Filter>
    </ClInclude>
    <ClInclude Include="cFileManager.h">
      <Filter>Core\Manager\FILE</Filter>
    </ClInclude>
    <ClInclude Include="cHowtoScene.h">
      <Filter>Core\Object\Scenes\HowtoScene</Filter>
    </ClInclude>
    <ClInclude Include="cCameraManager.h">
      <Filter>Core\Manager\Camera</Filter>
    </ClInclude>
    <ClInclude Include="cMusicScene.h">
      <Filter>Core\Object\Scenes\MusicScene</Filter>
    </ClInclude>
    <ClInclude Include="cStartScene.h">
      <Filter>Core\Object\Scenes\StartScene</Filter>
    </ClInclude>
    <ClInclude Include="cBullet.h">
      <Filter>Core\Object\Bullet</Filter>
    </ClInclude>
    <ClInclude Include="cBulletAdmin.h">
      <Filter>Core\Object\Bullet\BulletAdmin</Filter>
    </ClInclude>
    <ClInclude Include="cAnimation.h">
      <Filter>Core\Object\Animation</Filter>
    </ClInclude>
    <ClInclude Include="cTimer.h">
      <Filter>Core\Object\Animation\Timer</Filter>
    </ClInclude>
    <ClInclude Include="cPlayerBullet.h">
      <Filter>Core\Object\Bullet\PlayerBullet</Filter>
    </ClInclude>
    <ClInclude Include="cStage1Scene.h">
      <Filter>Core\Object\Scenes\StageScene\stage1Scene</Filter>
    </ClInclude>
    <ClInclude Include="cMultiTexture.h">
      <Filter>Core\Manager\Image\Texture\MultiTexture</Filter>
    </ClInclude>
    <ClInclude Include="cBall.h">
      <Filter>Core\Object\Ball</Filter>
    </ClInclude>
    <ClInclude Include="cBalls.h">
      <Filter>Core\Object\Ball\Balls</Filter>
    </ClInclude>
    <ClInclude Include="cBallBullet.h">
      <Filter>Core\Object\Bullet\BallBullet</Filter>
    </ClInclude>
    <ClInclude Include="cImage.h">
      <Filter>Core\Manager\Image\Image</Filter>
    </ClInclude>
    <ClInclude Include="cEffect.h">
      <Filter>Core\Object\Effect</Filter>
    </ClInclude>
    <ClInclude Include="cEffectManager.h">
      <Filter>Core\Manager\Effect</Filter>
    </ClInclude>
    <ClInclude Include="cEnemy.h">
      <Filter>Core\Object\Enemy</Filter>
    </ClInclude>
    <ClInclude Include="cEnemyAdmin.h">
      <Filter>Core\Object\Enemy\EnemyAdmin</Filter>
    </ClInclude>
    <ClInclude Include="cOne.h">
      <Filter>Core\Object\Enemy\One</Filter>
    </ClInclude>
    <ClInclude Include="collision.h">
      <Filter>Core\Object\Collision</Filter>
    </ClInclude>
    <ClInclude Include="cEnemyBullet.h">
      <Filter>Core\Object\Bullet\EnemyBullet</Filter>
    </ClInclude>
    <ClInclude Include="cFairy.h">
      <Filter>Core\Object\Enemy\Fairy</Filter>
    </ClInclude>
    <ClInclude Include="cPath.h">
      <Filter>Core\Object\Path</Filter>
    </ClInclude>
    <ClInclude Include="cBook.h">
      <Filter>Core\Object\Enemy\Book</Filter>
    </ClInclude>
    <ClInclude Include="cItemAdmin.h">
      <Filter>Core\Object\Item\ItemAdmin</Filter>
    </ClInclude>
    <ClInclude Include="cItem.h">
      <Filter>Core\Object\Item</Filter>
    </ClInclude>
    <ClInclude Include="cFontManager.h">
      <Filter>Core\Manager\Font</Filter>
    </ClInclude>
    <ClInclude Include="cReimouA_Bullet.h">
      <Filter>Core\Object\Bullet\SpellBullet\ReimouA</Filter>
    </ClInclude>
  </ItemGroup>
  <ItemGroup>
    <ClCompile Include="SHOW.cpp">
      <Filter>Main</Filter>
    </ClCompile>
    <ClCompile Include="stdafx.cpp">
      <Filter>Util\Stdafx</Filter>
    </ClCompile>
    <ClCompile Include="cSceneManager.cpp">
      <Filter>Core\Manager\Scene</Filter>
    </ClCompile>
    <ClCompile Include="cTexture.cpp">
      <Filter>Core\Manager\Image\Texture</Filter>
    </ClCompile>
    <ClCompile Include="cImageManager.cpp">
      <Filter>Core\Manager\Image</Filter>
    </ClCompile>
    <ClCompile Include="cLoadScene.cpp">
      <Filter>Core\Object\Scenes\LoadScene</Filter>
    </ClCompile>
    <ClCompile Include="cScene.cpp">
      <Filter>Core\Object\Scenes\_Scene</Filter>
    </ClCompile>
    <ClCompile Include="cMain.cpp">
      <Filter>Main\main</Filter>
    </ClCompile>
    <ClCompile Include="cPlayer.cpp">
      <Filter>Core\Object\Player</Filter>
    </ClCompile>
    <ClCompile Include="cInputManager.cpp">
      <Filter>Core\Manager\Input</Filter>
    </ClCompile>
    <ClCompile Include="cInput.cpp">
      <Filter>Core\Manager\Input\cInput</Filter>
    </ClCompile>
    <ClCompile Include="cObjectManager.cpp">
      <Filter>Core\Manager\Object</Filter>
    </ClCompile>
    <ClCompile Include="cObject.cpp">
      <Filter>Core\Object</Filter>
    </ClCompile>
    <ClCompile Include="cTitleScene.cpp">
      <Filter>Core\Object\Scenes\TitleScene</Filter>
    </ClCompile>
    <ClCompile Include="cSoundManager.cpp">
      <Filter>Core\Manager\Sound</Filter>
    </ClCompile>
    <ClCompile Include="DXUT\Core\SDKmisc.cpp">
      <Filter>Util\DXUT</Filter>
    </ClCompile>
    <ClCompile Include="DXUT\Core\SDKsound.cpp">
      <Filter>Util\DXUT</Filter>
    </ClCompile>
    <ClCompile Include="DXUT\Core\SDKwavefile.cpp">
      <Filter>Util\DXUT</Filter>
    </ClCompile>
    <ClCompile Include="cButton.cpp">
      <Filter>Core\Object\Button</Filter>
    </ClCompile>
    <ClCompile Include="cOptionScene.cpp">
      <Filter>Core\Object\Scenes\OptionScene</Filter>
    </ClCompile>
    <ClCompile Include="cFileManager.cpp">
      <Filter>Core\Manager\FILE</Filter>
    </ClCompile>
    <ClCompile Include="cHowtoScene.cpp">
      <Filter>Core\Object\Scenes\HowtoScene</Filter>
    </ClCompile>
    <ClCompile Include="cCameraManager.cpp">
      <Filter>Core\Manager\Camera</Filter>
    </ClCompile>
    <ClCompile Include="cMusicScene.cpp">
      <Filter>Core\Object\Scenes\MusicScene</Filter>
    </ClCompile>
    <ClCompile Include="cStartScene.cpp">
      <Filter>Core\Object\Scenes\StartScene</Filter>
    </ClCompile>
    <ClCompile Include="cBullet.cpp">
      <Filter>Core\Object\Bullet</Filter>
    </ClCompile>
    <ClCompile Include="cBulletAdmin.cpp">
      <Filter>Core\Object\Bullet\BulletAdmin</Filter>
    </ClCompile>
    <ClCompile Include="cAnimation.cpp">
      <Filter>Core\Object\Animation</Filter>
    </ClCompile>
    <ClCompile Include="cTimer.cpp">
      <Filter>Core\Object\Animation\Timer</Filter>
    </ClCompile>
    <ClCompile Include="cPlayerBullet.cpp">
      <Filter>Core\Object\Bullet\PlayerBullet</Filter>
    </ClCompile>
    <ClCompile Include="cStage1Scene.cpp">
      <Filter>Core\Object\Scenes\StageScene\stage1Scene</Filter>
    </ClCompile>
    <ClCompile Include="cMultiTexture.cpp">
      <Filter>Core\Manager\Image\Texture\MultiTexture</Filter>
    </ClCompile>
    <ClCompile Include="cBall.cpp">
      <Filter>Core\Object\Ball</Filter>
    </ClCompile>
    <ClCompile Include="cBalls.cpp">
      <Filter>Core\Object\Ball\Balls</Filter>
    </ClCompile>
    <ClCompile Include="cBallBullet.cpp">
      <Filter>Core\Object\Bullet\BallBullet</Filter>
    </ClCompile>
    <ClCompile Include="cImage.cpp">
      <Filter>Core\Manager\Image\Image</Filter>
    </ClCompile>
    <ClCompile Include="cEffect.cpp">
      <Filter>Core\Object\Effect</Filter>
    </ClCompile>
    <ClCompile Include="cEffectManager.cpp">
      <Filter>Core\Manager\Effect</Filter>
    </ClCompile>
    <ClCompile Include="cEnemy.cpp">
      <Filter>Core\Object\Enemy</Filter>
    </ClCompile>
    <ClCompile Include="cEnemyAdmin.cpp">
      <Filter>Core\Object\Enemy\EnemyAdmin</Filter>
    </ClCompile>
    <ClCompile Include="cOne.cpp">
      <Filter>Core\Object\Enemy\One</Filter>
    </ClCompile>
    <ClCompile Include="collision.cpp">
      <Filter>Core\Object\Collision</Filter>
    </ClCompile>
    <ClCompile Include="cEnemyBullet.cpp">
      <Filter>Core\Object\Bullet\EnemyBullet</Filter>
    </ClCompile>
    <ClCompile Include="cFairy.cpp">
      <Filter>Core\Object\Enemy\Fairy</Filter>
    </ClCompile>
    <ClCompile Include="cPath.cpp">
      <Filter>Core\Object\Path</Filter>
    </ClCompile>
    <ClCompile Include="cBook.cpp">
      <Filter>Core\Object\Enemy\Book</Filter>
    </ClCompile>
    <ClCompile Include="cItemAdmin.cpp">
      <Filter>Core\Object\Item\ItemAdmin</Filter>
    </ClCompile>
    <ClCompile Include="cItem.cpp">
      <Filter>Core\Object\Item</Filter>
    </ClCompile>
    <ClCompile Include="cFontManager.cpp">
      <Filter>Core\Manager\Font</Filter>
    </ClCompile>
    <ClCompile Include="cReimouA_Bullet.cpp">
      <Filter>Core\Object\Bullet\SpellBullet\ReimouA</Filter>
    </ClCompile>
  </ItemGroup>
</Project>