<?xml version="1.0" encoding="utf-8"?>
<Project ToolsVersion="4.0" xmlns:atg="http://atg.xbox.com" xmlns="http://schemas.microsoft.com/developer/msbuild/2003">
  <ItemGroup>
    <Filter Include="Util">
      <UniqueIdentifier>{d746ac69-74ea-4a35-8d7f-2d41ca430b66}</UniqueIdentifier>
    </Filter>
    <Filter Include="Util\DXUT">
      <UniqueIdentifier>{a43c5c25-0e86-4a20-b64a-883785ff74fd}</UniqueIdentifier>
    </Filter>
    <Filter Include="Util\Resource Files">
      <UniqueIdentifier>{8e114980-c1a3-4ada-ad7c-83caadf5daeb}</UniqueIdentifier>
      <Extensions>rc;ico;cur;bmp;dlg;rc2;rct;bin;rgs;gif;jpg;jpeg;jpe</Extensions>
    </Filter>
    <Filter Include="Util\Stdafx">
      <UniqueIdentifier>{8a864141-32bc-4c99-b657-21edd5ead125}</UniqueIdentifier>
    </Filter>
    <Filter Include="Main">
      <UniqueIdentifier>{0617c787-2b2a-455c-9952-1f5da751d2f9}</UniqueIdentifier>
    </Filter>
    <Filter Include="Core">
      <UniqueIdentifier>{deb0e6c3-6fb7-430f-aebb-9519b2c4b224}</UniqueIdentifier>
    </Filter>
    <Filter Include="Core\Manager">
      <UniqueIdentifier>{70de18fc-1646-4bbc-994d-b51900a69f9a}</UniqueIdentifier>
    </Filter>
    <Filter Include="Core\Scenes">
      <UniqueIdentifier>{8fb85181-ea5d-4496-b878-a5ac049e40cb}</UniqueIdentifier>
    </Filter>
    <Filter Include="Core\Manager\Scene">
      <UniqueIdentifier>{4e4e5f95-a29e-42e2-a2b5-33f579587748}</UniqueIdentifier>
    </Filter>
    <Filter Include="Core\Manager\Singleton">
      <UniqueIdentifier>{b66d40d8-723a-4847-83ca-11d4f1050e56}</UniqueIdentifier>
    </Filter>
    <Filter Include="Core\Manager\Image">
      <UniqueIdentifier>{d63a637c-769e-40d5-88d3-0145f641aeb8}</UniqueIdentifier>
    </Filter>
    <Filter Include="Core\Manager\Image\Texture">
      <UniqueIdentifier>{19d67ee5-6ba7-439f-bb07-b538d857b87a}</UniqueIdentifier>
    </Filter>
    <Filter Include="Core\Manager\Image\Texture\single">
      <UniqueIdentifier>{9099ba23-75b0-4c6b-bdd2-b703b97168cf}</UniqueIdentifier>
    </Filter>
    <Filter Include="Core\Manager\Image\Texture\multi">
      <UniqueIdentifier>{39c359cd-7467-4a6b-b7b4-ccd4217034bd}</UniqueIdentifier>
    </Filter>
    <Filter Include="Core\Scenes\cLoadScene">
      <UniqueIdentifier>{122ef9f2-a9b9-4bfe-8c52-afeb8ed9ee11}</UniqueIdentifier>
    </Filter>
    <Filter Include="Core\Scenes\cTitleScene">
      <UniqueIdentifier>{e3d56da4-77b8-42a9-9078-e079b7c135d8}</UniqueIdentifier>
    </Filter>
    <Filter Include="Core\Scenes\cScene">
      <UniqueIdentifier>{a1753fb1-1b3a-4797-9ecb-a2536cd4e983}</UniqueIdentifier>
    </Filter>
    <Filter Include="Main\main">
      <UniqueIdentifier>{a321ca21-c1a7-41f5-a104-3c5338accb10}</UniqueIdentifier>
    </Filter>
    <Filter Include="Core\cPlayer">
      <UniqueIdentifier>{cc9f2bd9-9501-4670-89c9-a5322eb35cc1}</UniqueIdentifier>
    </Filter>
    <Filter Include="Core\Manager\Input">
      <UniqueIdentifier>{7996c7e7-836d-4a02-b99d-1bb4d1c2cbbd}</UniqueIdentifier>
    </Filter>
    <Filter Include="Core\Manager\Input\cInput">
      <UniqueIdentifier>{4e26ab8e-86a4-4fe2-a2b3-75edef1eb43e}</UniqueIdentifier>
    </Filter>
  </ItemGroup>
  <ItemGroup>
    <None Include="DXUT\Optional\directx.ico">
      <Filter>Util\Resource Files</Filter>
    </None>
    <ClInclude Include="DXUT\Core\DXUT.h">
      <Filter>Util\DXUT</Filter>
    </ClInclude>
    <ClInclude Include="DXUT\Core\DXUTenum.h">
      <Filter>Util\DXUT</Filter>
    </ClInclude>
    <ClInclude Include="DXUT\Core\DXUTmisc.h">
      <Filter>Util\DXUT</Filter>
    </ClInclude>
    <ClCompile Include="DXUT\Core\DXUT.cpp">
      <Filter>Util\DXUT</Filter>
    </ClCompile>
    <ClCompile Include="DXUT\Core\DXUTenum.cpp">
      <Filter>Util\DXUT</Filter>
    </ClCompile>
    <ClCompile Include="DXUT\Core\DXUTmisc.cpp">
      <Filter>Util\DXUT</Filter>
    </ClCompile>
    <ClInclude Include="DXUT\Optional\DXUTcamera.h">
      <Filter>Util\DXUT</Filter>
    </ClInclude>
    <ClInclude Include="DXUT\Optional\DXUTgui.h">
      <Filter>Util\DXUT</Filter>
    </ClInclude>
    <ClInclude Include="DXUT\Optional\DXUTres.h">
      <Filter>Util\DXUT</Filter>
    </ClInclude>
    <ClInclude Include="DXUT\Optional\DXUTsettingsdlg.h">
      <Filter>Util\DXUT</Filter>
    </ClInclude>
    <ClInclude Include="DXUT\Optional\SDKmesh.h">
      <Filter>Util\DXUT</Filter>
    </ClInclude>
    <ClInclude Include="DXUT\Optional\SDKmisc.h">
      <Filter>Util\DXUT</Filter>
    </ClInclude>
    <ClCompile Include="DXUT\Optional\DXUTcamera.cpp">
      <Filter>Util\DXUT</Filter>
    </ClCompile>
    <ClCompile Include="DXUT\Optional\DXUTgui.cpp">
      <Filter>Util\DXUT</Filter>
    </ClCompile>
    <ClCompile Include="DXUT\Optional\DXUTres.cpp">
      <Filter>Util\DXUT</Filter>
    </ClCompile>
    <ClCompile Include="DXUT\Optional\DXUTsettingsdlg.cpp">
      <Filter>Util\DXUT</Filter>
    </ClCompile>
    <ClCompile Include="DXUT\Optional\SDKmesh.cpp">
      <Filter>Util\DXUT</Filter>
    </ClCompile>
    <ClCompile Include="DXUT\Optional\SDKmisc.cpp">
      <Filter>Util\DXUT</Filter>
    </ClCompile>
  </ItemGroup>
  <ItemGroup>
    <CLInclude Include="resource.h">
      <Filter>Util\Resource Files</Filter>
    </CLInclude>
    <ResourceCompile Include="SHOW.rc">
      <Filter>Util\Resource Files</Filter>
    </ResourceCompile>
    <ClInclude Include="stdafx.h">
      <Filter>Util\Stdafx</Filter>
    </ClInclude>
    <ClInclude Include="cSceneManager.h">
      <Filter>Core\Manager\Scene</Filter>
    </ClInclude>
    <ClInclude Include="cTexture.h">
      <Filter>Core\Manager\Image\Texture</Filter>
    </ClInclude>
    <ClInclude Include="cImageManager.h">
      <Filter>Core\Manager\Image</Filter>
    </ClInclude>
    <ClInclude Include="cSingleTexture.h">
      <Filter>Core\Manager\Image\Texture\single</Filter>
    </ClInclude>
    <ClInclude Include="cMultiTexture.h">
      <Filter>Core\Manager\Image\Texture\multi</Filter>
    </ClInclude>
    <ClInclude Include="cScene.h">
      <Filter>Core\Scenes\cScene</Filter>
    </ClInclude>
    <ClInclude Include="cLoadScene.h">
      <Filter>Core\Scenes\cLoadScene</Filter>
    </ClInclude>
    <ClInclude Include="cSingleton.hpp">
      <Filter>Core\Manager\Singleton</Filter>
    </ClInclude>
    <ClInclude Include="cMain.h">
      <Filter>Main\main</Filter>
    </ClInclude>
    <ClInclude Include="cPlayer.h">
      <Filter>Core\cPlayer</Filter>
    </ClInclude>
    <ClInclude Include="cInputManager.h">
      <Filter>Core\Manager\Input</Filter>
    </ClInclude>
    <ClInclude Include="cInput.h">
      <Filter>Core\Manager\Input\cInput</Filter>
    </ClInclude>
  </ItemGroup>
  <ItemGroup>
    <ClCompile Include="SHOW.cpp">
      <Filter>Main</Filter>
    </ClCompile>
    <ClCompile Include="stdafx.cpp">
      <Filter>Util\Stdafx</Filter>
    </ClCompile>
    <ClCompile Include="cSceneManager.cpp">
      <Filter>Core\Manager\Scene</Filter>
    </ClCompile>
    <ClCompile Include="cTexture.cpp">
      <Filter>Core\Manager\Image\Texture</Filter>
    </ClCompile>
    <ClCompile Include="cImageManager.cpp">
      <Filter>Core\Manager\Image</Filter>
    </ClCompile>
    <ClCompile Include="cSingleTexture.cpp">
      <Filter>Core\Manager\Image\Texture\single</Filter>
    </ClCompile>
    <ClCompile Include="cMultiTexture.cpp">
      <Filter>Core\Manager\Image\Texture\multi</Filter>
    </ClCompile>
    <ClCompile Include="cLoadScene.cpp">
      <Filter>Core\Scenes\cLoadScene</Filter>
    </ClCompile>
    <ClCompile Include="cScene.cpp">
      <Filter>Core\Scenes\cScene</Filter>
    </ClCompile>
    <ClCompile Include="cMain.cpp">
      <Filter>Main\main</Filter>
    </ClCompile>
    <ClCompile Include="cPlayer.cpp">
      <Filter>Core\cPlayer</Filter>
    </ClCompile>
    <ClCompile Include="cInputManager.cpp">
      <Filter>Core\Manager\Input</Filter>
    </ClCompile>
    <ClCompile Include="cInput.cpp">
      <Filter>Core\Manager\Input\cInput</Filter>
    </ClCompile>
  </ItemGroup>
</Project>